// !$*UTF8*$!
{
	archiveVersion = 1;
	classes = {
	};
	objectVersion = 56;
	objects = {

/* Begin PBXBuildFile section */
		A10000000000000000000001 /* PersianSTTApp.swift in Sources */ = {isa = PBXBuildFile; fileRef = A20000000000000000000001 /* PersianSTTApp.swift */; };
		A10000000000000000000002 /* ContentView.swift in Sources */ = {isa = PBXBuildFile; fileRef = A20000000000000000000002 /* ContentView.swift */; };
		A10000000000000000000003 /* Transcriber.swift in Sources */ = {isa = PBXBuildFile; fileRef = A20000000000000000000003 /* Transcriber.swift */; };
		A10000000000000000000004 /* WhisperContext.swift in Sources */ = {isa = PBXBuildFile; fileRef = A20000000000000000000004 /* WhisperContext.swift */; };
		A10000000000000000000005 /* AudioLoader.swift in Sources */ = {isa = PBXBuildFile; fileRef = A20000000000000000000005 /* AudioLoader.swift */; };
		A1000000000000000000000F /* KeyboardPreview.swift in Sources */ = {isa = PBXBuildFile; fileRef = A20000000000000000000010 /* KeyboardPreview.swift */; };
		A10000000000000000000020 /* KeyboardTestView.swift in Sources */ = {isa = PBXBuildFile; fileRef = A20000000000000000000020 /* KeyboardTestView.swift */; };
		A10000000000000000000010 /* KeyboardViewController.swift in Sources */ = {isa = PBXBuildFile; fileRef = A2000000000000000000000C /* KeyboardViewController.swift */; };
		A1000000000000000000000A /* KeyboardSession.swift in Sources */ = {isa = PBXBuildFile; fileRef = A2000000000000000000000A /* KeyboardSession.swift */; };
		A1000000000000000000000B /* DictationBridge.swift in Sources */ = {isa = PBXBuildFile; fileRef = A2000000000000000000000B /* DictationBridge.swift */; };
		A1000000000000000000000C /* DictationBridge.swift in Sources */ = {isa = PBXBuildFile; fileRef = A2000000000000000000000B /* DictationBridge.swift */; };
		A1000000000000000000000D /* KeyboardViewController.swift in Sources */ = {isa = PBXBuildFile; fileRef = A2000000000000000000000C /* KeyboardViewController.swift */; };
		A1000000000000000000000E /* PersianSTTKeyboard.appex in Embed Foundation Extensions */ = {isa = PBXBuildFile; fileRef = A2000000000000000000000D /* PersianSTTKeyboard.appex */; settings = {ATTRIBUTES = (RemoveHeadersOnCopy, ); }; };
		A10000000000000000000009 /* DictateIntent.swift in Sources */ = {isa = PBXBuildFile; fileRef = A20000000000000000000009 /* DictateIntent.swift */; };
		A10000000000000000000006 /* Models in Resources */ = {isa = PBXBuildFile; fileRef = A20000000000000000000006 /* Models */; };
		A10000000000000000000007 /* whisper.xcframework in Frameworks */ = {isa = PBXBuildFile; fileRef = A20000000000000000000007 /* whisper.xcframework */; };
		A10000000000000000000008 /* whisper.xcframework in Embed Frameworks */ = {isa = PBXBuildFile; fileRef = A20000000000000000000007 /* whisper.xcframework */; settings = {ATTRIBUTES = (CodeSignOnCopy, RemoveHeadersOnCopy, ); }; };
/* End PBXBuildFile section */

/* Begin PBXContainerItemProxy section */
		A90000000000000000000001 /* PBXContainerItemProxy */ = {
			isa = PBXContainerItemProxy;
			containerPortal = A60000000000000000000001 /* Project object */;
			proxyType = 1;
			remoteGlobalIDString = A40000000000000000000002;
			remoteInfo = PersianSTTKeyboard;
		};
/* End PBXContainerItemProxy section */

/* Begin PBXCopyFilesBuildPhase section */
		A50000000000000000000004 /* Embed Frameworks */ = {
			isa = PBXCopyFilesBuildPhase;
			buildActionMask = 2147483647;
			dstPath = "";
			dstSubfolderSpec = 10;
			files = (
				A10000000000000000000008 /* whisper.xcframework in Embed Frameworks */,
			);
			name = "Embed Frameworks";
			runOnlyForDeploymentPostprocessing = 0;
		};
		A50000000000000000000005 /* Embed Foundation Extensions */ = {
			isa = PBXCopyFilesBuildPhase;
			buildActionMask = 2147483647;
			dstPath = "";
			dstSubfolderSpec = 13;
			files = (
				A1000000000000000000000E /* PersianSTTKeyboard.appex in Embed Foundation Extensions */,
			);
			name = "Embed Foundation Extensions";
			runOnlyForDeploymentPostprocessing = 0;
		};
/* End PBXCopyFilesBuildPhase section */

/* Begin PBXFileReference section */
		A20000000000000000000001 /* PersianSTTApp.swift */ = {isa = PBXFileReference; lastKnownFileType = sourcecode.swift; path = PersianSTTApp.swift; sourceTree = "<group>"; };
		A20000000000000000000002 /* ContentView.swift */ = {isa = PBXFileReference; lastKnownFileType = sourcecode.swift; path = ContentView.swift; sourceTree = "<group>"; };
		A20000000000000000000003 /* Transcriber.swift */ = {isa = PBXFileReference; lastKnownFileType = sourcecode.swift; path = Transcriber.swift; sourceTree = "<group>"; };
		A20000000000000000000004 /* WhisperContext.swift */ = {isa = PBXFileReference; lastKnownFileType = sourcecode.swift; path = WhisperContext.swift; sourceTree = "<group>"; };
		A20000000000000000000005 /* AudioLoader.swift */ = {isa = PBXFileReference; lastKnownFileType = sourcecode.swift; path = AudioLoader.swift; sourceTree = "<group>"; };
		A20000000000000000000010 /* KeyboardPreview.swift */ = {isa = PBXFileReference; lastKnownFileType = sourcecode.swift; path = KeyboardPreview.swift; sourceTree = "<group>"; };
		A20000000000000000000020 /* KeyboardTestView.swift */ = {isa = PBXFileReference; lastKnownFileType = sourcecode.swift; path = KeyboardTestView.swift; sourceTree = "<group>"; };
		A2000000000000000000000A /* KeyboardSession.swift */ = {isa = PBXFileReference; lastKnownFileType = sourcecode.swift; path = KeyboardSession.swift; sourceTree = "<group>"; };
		A2000000000000000000000B /* DictationBridge.swift */ = {isa = PBXFileReference; lastKnownFileType = sourcecode.swift; path = DictationBridge.swift; sourceTree = "<group>"; };
		A2000000000000000000000C /* KeyboardViewController.swift */ = {isa = PBXFileReference; lastKnownFileType = sourcecode.swift; path = KeyboardViewController.swift; sourceTree = "<group>"; };
		A2000000000000000000000D /* PersianSTTKeyboard.appex */ = {isa = PBXFileReference; explicitFileType = "wrapper.app-extension"; includeInIndex = 0; path = PersianSTTKeyboard.appex; sourceTree = BUILT_PRODUCTS_DIR; };
		A2000000000000000000000E /* Info.plist */ = {isa = PBXFileReference; lastKnownFileType = text.plist.xml; path = Info.plist; sourceTree = "<group>"; };
		A2000000000000000000000F /* Info.plist */ = {isa = PBXFileReference; lastKnownFileType = text.plist.xml; path = Info.plist; sourceTree = "<group>"; };
		A20000000000000000000009 /* DictateIntent.swift */ = {isa = PBXFileReference; lastKnownFileType = sourcecode.swift; path = DictateIntent.swift; sourceTree = "<group>"; };
		A20000000000000000000006 /* Models */ = {isa = PBXFileReference; lastKnownFileType = folder; path = Models; sourceTree = "<group>"; };
		A20000000000000000000007 /* whisper.xcframework */ = {isa = PBXFileReference; lastKnownFileType = wrapper.xcframework; path = whisper.xcframework; sourceTree = "<group>"; };
		A20000000000000000000008 /* PersianSTT.app */ = {isa = PBXFileReference; explicitFileType = wrapper.application; includeInIndex = 0; path = PersianSTT.app; sourceTree = BUILT_PRODUCTS_DIR; };
/* End PBXFileReference section */

/* Begin PBXFrameworksBuildPhase section */
		A50000000000000000000003 /* Frameworks */ = {
			isa = PBXFrameworksBuildPhase;
			buildActionMask = 2147483647;
			files = (
				A10000000000000000000007 /* whisper.xcframework in Frameworks */,
			);
			runOnlyForDeploymentPostprocessing = 0;
		};
		A5000000000000000000000B /* Frameworks */ = {
			isa = PBXFrameworksBuildPhase;
			buildActionMask = 2147483647;
			files = (
			);
			runOnlyForDeploymentPostprocessing = 0;
		};
/* End PBXFrameworksBuildPhase section */

/* Begin PBXGroup section */
		A30000000000000000000001 = {
			isa = PBXGroup;
			children = (
				A30000000000000000000002 /* PersianSTT */,
				A30000000000000000000005 /* PersianSTTKeyboard */,
				A30000000000000000000006 /* Shared */,
				A30000000000000000000003 /* Frameworks */,
				A30000000000000000000004 /* Products */,
			);
			sourceTree = "<group>";
		};
		A30000000000000000000002 /* PersianSTT */ = {
			isa = PBXGroup;
			children = (
				A20000000000000000000001 /* PersianSTTApp.swift */,
				A20000000000000000000002 /* ContentView.swift */,
				A20000000000000000000003 /* Transcriber.swift */,
				A20000000000000000000004 /* WhisperContext.swift */,
				A20000000000000000000005 /* AudioLoader.swift */,
				A20000000000000000000009 /* DictateIntent.swift */,
				A2000000000000000000000A /* KeyboardSession.swift */,
				A20000000000000000000010 /* KeyboardPreview.swift */,
				A20000000000000000000020 /* KeyboardTestView.swift */,
				A2000000000000000000000E /* Info.plist */,
				A20000000000000000000006 /* Models */,
			);
			path = PersianSTT;
			sourceTree = "<group>";
		};
		A30000000000000000000003 /* Frameworks */ = {
			isa = PBXGroup;
			children = (
				A20000000000000000000007 /* whisper.xcframework */,
			);
			path = Frameworks;
			sourceTree = "<group>";
		};
		A30000000000000000000004 /* Products */ = {
			isa = PBXGroup;
			children = (
				A20000000000000000000008 /* PersianSTT.app */,
				A2000000000000000000000D /* PersianSTTKeyboard.appex */,
			);
			name = Products;
			sourceTree = "<group>";
		};
		A30000000000000000000005 /* PersianSTTKeyboard */ = {
			isa = PBXGroup;
			children = (
				A2000000000000000000000C /* KeyboardViewController.swift */,
				A2000000000000000000000F /* Info.plist */,
			);
			path = PersianSTTKeyboard;
			sourceTree = "<group>";
		};
		A30000000000000000000006 /* Shared */ = {
			isa = PBXGroup;
			children = (
				A2000000000000000000000B /* DictationBridge.swift */,
			);
			path = Shared;
			sourceTree = "<group>";
		};
/* End PBXGroup section */

/* Begin PBXNativeTarget section */
		A40000000000000000000001 /* PersianSTT */ = {
			isa = PBXNativeTarget;
			buildConfigurationList = A70000000000000000000002 /* Build configuration list for PBXNativeTarget "PersianSTT" */;
			buildPhases = (
				A50000000000000000000001 /* Sources */,
				A50000000000000000000003 /* Frameworks */,
				A50000000000000000000002 /* Resources */,
				A50000000000000000000004 /* Embed Frameworks */,
				A50000000000000000000005 /* Embed Foundation Extensions */,
			);
			buildRules = (
			);
			dependencies = (
				A9000000000000000000000A /* PBXTargetDependency */,
			);
			name = PersianSTT;
			productName = PersianSTT;
			productReference = A20000000000000000000008 /* PersianSTT.app */;
			productType = "com.apple.product-type.application";
		};
		A40000000000000000000002 /* PersianSTTKeyboard */ = {
			isa = PBXNativeTarget;
			buildConfigurationList = A70000000000000000000003 /* Build configuration list for PBXNativeTarget "PersianSTTKeyboard" */;
			buildPhases = (
				A5000000000000000000000A /* Sources */,
				A5000000000000000000000B /* Frameworks */,
			);
			buildRules = (
			);
			dependencies = (
			);
			name = PersianSTTKeyboard;
			productName = PersianSTTKeyboard;
			productReference = A2000000000000000000000D /* PersianSTTKeyboard.appex */;
			productType = "com.apple.product-type.app-extension";
		};
/* End PBXNativeTarget section */

/* Begin PBXProject section */
		A60000000000000000000001 /* Project object */ = {
			isa = PBXProject;
			attributes = {
				BuildIndependentTargetsInParallel = 1;
				LastSwiftUpdateCheck = 1600;
				LastUpgradeCheck = 1600;
				TargetAttributes = {
					A40000000000000000000001 = {
						CreatedOnToolsVersion = 16.0;
					};
					A40000000000000000000002 = {
						CreatedOnToolsVersion = 16.0;
					};
				};
			};
			buildConfigurationList = A70000000000000000000001 /* Build configuration list for PBXProject "PersianSTT" */;
			compatibilityVersion = "Xcode 14.0";
			developmentRegion = fa;
			hasScannedForEncodings = 0;
			knownRegions = (
				en,
				fa,
				Base,
			);
			mainGroup = A30000000000000000000001;
			productRefGroup = A30000000000000000000004 /* Products */;
			projectDirPath = "";
			projectRoot = "";
			targets = (
				A40000000000000000000001 /* PersianSTT */,
				A40000000000000000000002 /* PersianSTTKeyboard */,
			);
		};
/* End PBXProject section */

/* Begin PBXResourcesBuildPhase section */
		A50000000000000000000002 /* Resources */ = {
			isa = PBXResourcesBuildPhase;
			buildActionMask = 2147483647;
			files = (
				A10000000000000000000006 /* Models in Resources */,
			);
			runOnlyForDeploymentPostprocessing = 0;
		};
/* End PBXResourcesBuildPhase section */

/* Begin PBXSourcesBuildPhase section */
		A50000000000000000000001 /* Sources */ = {
			isa = PBXSourcesBuildPhase;
			buildActionMask = 2147483647;
			files = (
				A10000000000000000000001 /* PersianSTTApp.swift in Sources */,
				A10000000000000000000002 /* ContentView.swift in Sources */,
				A10000000000000000000003 /* Transcriber.swift in Sources */,
				A10000000000000000000004 /* WhisperContext.swift in Sources */,
				A10000000000000000000005 /* AudioLoader.swift in Sources */,
				A10000000000000000000009 /* DictateIntent.swift in Sources */,
				A1000000000000000000000A /* KeyboardSession.swift in Sources */,
				A1000000000000000000000B /* DictationBridge.swift in Sources */,
				A1000000000000000000000F /* KeyboardPreview.swift in Sources */,
				A10000000000000000000020 /* KeyboardTestView.swift in Sources */,
				A10000000000000000000010 /* KeyboardViewController.swift in Sources */,
			);
			runOnlyForDeploymentPostprocessing = 0;
		};
		A5000000000000000000000A /* Sources */ = {
			isa = PBXSourcesBuildPhase;
			buildActionMask = 2147483647;
			files = (
				A1000000000000000000000D /* KeyboardViewController.swift in Sources */,
				A1000000000000000000000C /* DictationBridge.swift in Sources */,
			);
			runOnlyForDeploymentPostprocessing = 0;
		};
/* End PBXSourcesBuildPhase section */

/* Begin PBXTargetDependency section */
		A9000000000000000000000A /* PBXTargetDependency */ = {
			isa = PBXTargetDependency;
			target = A40000000000000000000002 /* PersianSTTKeyboard */;
			targetProxy = A90000000000000000000001 /* PBXContainerItemProxy */;
		};
/* End PBXTargetDependency section */

/* Begin XCBuildConfiguration section */
		A80000000000000000000001 /* Debug */ = {
			isa = XCBuildConfiguration;
			buildSettings = {
				ALWAYS_SEARCH_USER_PATHS = NO;
				CLANG_ENABLE_MODULES = YES;
				CLANG_ENABLE_OBJC_ARC = YES;
				COPY_PHASE_STRIP = NO;
				DEBUG_INFORMATION_FORMAT = dwarf;
				ENABLE_STRICT_OBJC_MSGSEND = YES;
				ENABLE_TESTABILITY = YES;
				GCC_OPTIMIZATION_LEVEL = 0;
				IPHONEOS_DEPLOYMENT_TARGET = 17.0;
				MTL_ENABLE_DEBUG_INFO = INCLUDE_SOURCE;
				ONLY_ACTIVE_ARCH = YES;
				SDKROOT = iphoneos;
				SWIFT_ACTIVE_COMPILATION_CONDITIONS = DEBUG;
				SWIFT_OPTIMIZATION_LEVEL = "-Onone";
			};
			name = Debug;
		};
		A80000000000000000000002 /* Release */ = {
			isa = XCBuildConfiguration;
			buildSettings = {
				ALWAYS_SEARCH_USER_PATHS = NO;
				CLANG_ENABLE_MODULES = YES;
				CLANG_ENABLE_OBJC_ARC = YES;
				COPY_PHASE_STRIP = NO;
				DEBUG_INFORMATION_FORMAT = "dwarf-with-dsym";
				ENABLE_NS_ASSERTIONS = NO;
				ENABLE_STRICT_OBJC_MSGSEND = YES;
				IPHONEOS_DEPLOYMENT_TARGET = 17.0;
				MTL_ENABLE_DEBUG_INFO = NO;
				SDKROOT = iphoneos;
				SWIFT_COMPILATION_MODE = wholemodule;
				SWIFT_OPTIMIZATION_LEVEL = "-O";
				VALIDATE_PRODUCT = YES;
			};
			name = Release;
		};
		A80000000000000000000003 /* Debug */ = {
			isa = XCBuildConfiguration;
			buildSettings = {
				CODE_SIGN_STYLE = Automatic;
				CURRENT_PROJECT_VERSION = 1;
				DEVELOPMENT_TEAM = "";
				ENABLE_PREVIEWS = YES;
				FRAMEWORK_SEARCH_PATHS = (
					"$(inherited)",
					"$(PROJECT_DIR)/Frameworks",
				);
				GENERATE_INFOPLIST_FILE = YES;
				INFOPLIST_FILE = PersianSTT/Info.plist;
				INFOPLIST_KEY_CFBundleDisplayName = "گفتار به متن";
				INFOPLIST_KEY_NSMicrophoneUsageDescription = "برای تبدیل صدای شما به متن، به میکروفون نیاز است. صدا فقط روی همین گوشی پردازش می‌شود.";
				INFOPLIST_KEY_UIApplicationSceneManifest_Generation = YES;
				INFOPLIST_KEY_UILaunchScreen_Generation = YES;
				INFOPLIST_KEY_UISupportedInterfaceOrientations = UIInterfaceOrientationPortrait;
				LD_RUNPATH_SEARCH_PATHS = (
					"$(inherited)",
					"@executable_path/Frameworks",
				);
				MARKETING_VERSION = 0.1;
				PRODUCT_BUNDLE_IDENTIFIER = com.example.PersianSTT;
				PRODUCT_NAME = "$(TARGET_NAME)";
				SUPPORTED_PLATFORMS = "iphoneos iphonesimulator";
				SUPPORTS_MACCATALYST = NO;
				SWIFT_EMIT_LOC_STRINGS = YES;
				SWIFT_VERSION = 5.0;
				TARGETED_DEVICE_FAMILY = 1;
			};
			name = Debug;
		};
		A80000000000000000000004 /* Release */ = {
			isa = XCBuildConfiguration;
			buildSettings = {
				CODE_SIGN_STYLE = Automatic;
				CURRENT_PROJECT_VERSION = 1;
				DEVELOPMENT_TEAM = "";
				ENABLE_PREVIEWS = YES;
				FRAMEWORK_SEARCH_PATHS = (
					"$(inherited)",
					"$(PROJECT_DIR)/Frameworks",
				);
				GENERATE_INFOPLIST_FILE = YES;
				INFOPLIST_FILE = PersianSTT/Info.plist;
				INFOPLIST_KEY_CFBundleDisplayName = "گفتار به متن";
				INFOPLIST_KEY_NSMicrophoneUsageDescription = "برای تبدیل صدای شما به متن، به میکروفون نیاز است. صدا فقط روی همین گوشی پردازش می‌شود.";
				INFOPLIST_KEY_UIApplicationSceneManifest_Generation = YES;
				INFOPLIST_KEY_UILaunchScreen_Generation = YES;
				INFOPLIST_KEY_UISupportedInterfaceOrientations = UIInterfaceOrientationPortrait;
				LD_RUNPATH_SEARCH_PATHS = (
					"$(inherited)",
					"@executable_path/Frameworks",
				);
				MARKETING_VERSION = 0.1;
				PRODUCT_BUNDLE_IDENTIFIER = com.example.PersianSTT;
				PRODUCT_NAME = "$(TARGET_NAME)";
				SUPPORTED_PLATFORMS = "iphoneos iphonesimulator";
				SUPPORTS_MACCATALYST = NO;
				SWIFT_EMIT_LOC_STRINGS = YES;
				SWIFT_VERSION = 5.0;
				TARGETED_DEVICE_FAMILY = 1;
			};
			name = Release;
		};
		A80000000000000000000005 /* Debug */ = {
			isa = XCBuildConfiguration;
			buildSettings = {
				APPLICATION_EXTENSION_API_ONLY = YES;
				CODE_SIGN_STYLE = Automatic;
				CURRENT_PROJECT_VERSION = 1;
				DEVELOPMENT_TEAM = "";
				GENERATE_INFOPLIST_FILE = YES;
				INFOPLIST_FILE = PersianSTTKeyboard/Info.plist;
				INFOPLIST_KEY_CFBundleDisplayName = "دیکته‌ی فارسی";
				LD_RUNPATH_SEARCH_PATHS = (
					"$(inherited)",
					"@executable_path/Frameworks",
					"@executable_path/../../Frameworks",
				);
				MARKETING_VERSION = 0.1;
				PRODUCT_BUNDLE_IDENTIFIER = com.example.PersianSTT.Keyboard;
				PRODUCT_NAME = "$(TARGET_NAME)";
				SKIP_INSTALL = YES;
				SUPPORTED_PLATFORMS = "iphoneos iphonesimulator";
				SWIFT_VERSION = 5.0;
				TARGETED_DEVICE_FAMILY = 1;
			};
			name = Debug;
		};
		A80000000000000000000006 /* Release */ = {
			isa = XCBuildConfiguration;
			buildSettings = {
				APPLICATION_EXTENSION_API_ONLY = YES;
				CODE_SIGN_STYLE = Automatic;
				CURRENT_PROJECT_VERSION = 1;
				DEVELOPMENT_TEAM = "";
				GENERATE_INFOPLIST_FILE = YES;
				INFOPLIST_FILE = PersianSTTKeyboard/Info.plist;
				INFOPLIST_KEY_CFBundleDisplayName = "دیکته‌ی فارسی";
				LD_RUNPATH_SEARCH_PATHS = (
					"$(inherited)",
					"@executable_path/Frameworks",
					"@executable_path/../../Frameworks",
				);
				MARKETING_VERSION = 0.1;
				PRODUCT_BUNDLE_IDENTIFIER = com.example.PersianSTT.Keyboard;
				PRODUCT_NAME = "$(TARGET_NAME)";
				SKIP_INSTALL = YES;
				SUPPORTED_PLATFORMS = "iphoneos iphonesimulator";
				SWIFT_VERSION = 5.0;
				TARGETED_DEVICE_FAMILY = 1;
			};
			name = Release;
		};
/* End XCBuildConfiguration section */

/* Begin XCConfigurationList section */
		A70000000000000000000001 /* Build configuration list for PBXProject "PersianSTT" */ = {
			isa = XCConfigurationList;
			buildConfigurations = (
				A80000000000000000000001 /* Debug */,
				A80000000000000000000002 /* Release */,
			);
			defaultConfigurationIsVisible = 0;
			defaultConfigurationName = Release;
		};
		A70000000000000000000002 /* Build configuration list for PBXNativeTarget "PersianSTT" */ = {
			isa = XCConfigurationList;
			buildConfigurations = (
				A80000000000000000000003 /* Debug */,
				A80000000000000000000004 /* Release */,
			);
			defaultConfigurationIsVisible = 0;
			defaultConfigurationName = Release;
		};
		A70000000000000000000003 /* Build configuration list for PBXNativeTarget "PersianSTTKeyboard" */ = {
			isa = XCConfigurationList;
			buildConfigurations = (
				A80000000000000000000005 /* Debug */,
				A80000000000000000000006 /* Release */,
			);
			defaultConfigurationIsVisible = 0;
			defaultConfigurationName = Release;
		};
/* End XCConfigurationList section */
	};
	rootObject = A60000000000000000000001 /* Project object */;
}
